// !$*UTF8*$!
{
	archiveVersion = 1;
	classes = {
	};
	objectVersion = 46;
	objects = {

/* Begin PBXBuildFile section */
		2523214017B5103E00A2950B /* RPDFReaderToolbarViewController.m in Sources */ = {isa = PBXBuildFile; fileRef = 2523213F17B5103E00A2950B /* RPDFReaderToolbarViewController.m */; };
		252EF7EF17996CE000FB10B8 /* RTestCase.m in Sources */ = {isa = PBXBuildFile; fileRef = 252EF7EE17996CE000FB10B8 /* RTestCase.m */; };
		252EF7F217996CFE00FB10B8 /* RDatasourceTest.m in Sources */ = {isa = PBXBuildFile; fileRef = 252EF7F117996CFE00FB10B8 /* RDatasourceTest.m */; };
		254EC6541790FCB800B7B2EB /* Foundation.framework in Frameworks */ = {isa = PBXBuildFile; fileRef = 254EC6531790FCB800B7B2EB /* Foundation.framework */; };
		254EC6561790FCB800B7B2EB /* CoreGraphics.framework in Frameworks */ = {isa = PBXBuildFile; fileRef = 254EC6551790FCB800B7B2EB /* CoreGraphics.framework */; };
		254EC6581790FCB800B7B2EB /* UIKit.framework in Frameworks */ = {isa = PBXBuildFile; fileRef = 254EC6571790FCB800B7B2EB /* UIKit.framework */; };
		254EC65E1790FCB800B7B2EB /* InfoPlist.strings in Resources */ = {isa = PBXBuildFile; fileRef = 254EC65C1790FCB800B7B2EB /* InfoPlist.strings */; };
		254EC6601790FCB800B7B2EB /* main.m in Sources */ = {isa = PBXBuildFile; fileRef = 254EC65F1790FCB800B7B2EB /* main.m */; };
		254EC6641790FCB800B7B2EB /* RAppDelegate.m in Sources */ = {isa = PBXBuildFile; fileRef = 254EC6631790FCB800B7B2EB /* RAppDelegate.m */; };
		254EC6671790FCB800B7B2EB /* Main.storyboard in Resources */ = {isa = PBXBuildFile; fileRef = 254EC6651790FCB800B7B2EB /* Main.storyboard */; };
		254EC66A1790FCB800B7B2EB /* RViewController.m in Sources */ = {isa = PBXBuildFile; fileRef = 254EC6691790FCB800B7B2EB /* RViewController.m */; };
		254EC66C1790FCB800B7B2EB /* Images.xcassets in Resources */ = {isa = PBXBuildFile; fileRef = 254EC66B1790FCB800B7B2EB /* Images.xcassets */; };
		254EC6731790FCB800B7B2EB /* XCTest.framework in Frameworks */ = {isa = PBXBuildFile; fileRef = 254EC6721790FCB800B7B2EB /* XCTest.framework */; };
		254EC6741790FCB800B7B2EB /* Foundation.framework in Frameworks */ = {isa = PBXBuildFile; fileRef = 254EC6531790FCB800B7B2EB /* Foundation.framework */; };
		254EC6751790FCB800B7B2EB /* UIKit.framework in Frameworks */ = {isa = PBXBuildFile; fileRef = 254EC6571790FCB800B7B2EB /* UIKit.framework */; };
		254EC67D1790FCB800B7B2EB /* InfoPlist.strings in Resources */ = {isa = PBXBuildFile; fileRef = 254EC67B1790FCB800B7B2EB /* InfoPlist.strings */; };
		2564F24417B4AA5300EC8E4B /* RPDFReaderViewController.m in Sources */ = {isa = PBXBuildFile; fileRef = 2564F24317B4AA5300EC8E4B /* RPDFReaderViewController.m */; };
		2564F24717B4B0AD00EC8E4B /* RPDFPageView.m in Sources */ = {isa = PBXBuildFile; fileRef = 2564F24617B4B0AD00EC8E4B /* RPDFPageView.m */; };
		2564F24A17B4B77600EC8E4B /* RPDFPageViewController.m in Sources */ = {isa = PBXBuildFile; fileRef = 2564F24917B4B77600EC8E4B /* RPDFPageViewController.m */; };
		2597A590179150F60029F7E4 /* Icon-72.png in Resources */ = {isa = PBXBuildFile; fileRef = 2597A586179150F60029F7E4 /* Icon-72.png */; };
		2597A591179150F60029F7E4 /* Icon-72@2x.png in Resources */ = {isa = PBXBuildFile; fileRef = 2597A587179150F60029F7E4 /* Icon-72@2x.png */; };
		2597A592179150F60029F7E4 /* Icon-Small-50.png in Resources */ = {isa = PBXBuildFile; fileRef = 2597A588179150F60029F7E4 /* Icon-Small-50.png */; };
		2597A593179150F60029F7E4 /* Icon-Small-50@2x.png in Resources */ = {isa = PBXBuildFile; fileRef = 2597A589179150F60029F7E4 /* Icon-Small-50@2x.png */; };
		2597A594179150F60029F7E4 /* Icon-Small.png in Resources */ = {isa = PBXBuildFile; fileRef = 2597A58A179150F60029F7E4 /* Icon-Small.png */; };
		2597A595179150F60029F7E4 /* Icon-Small@2x.png in Resources */ = {isa = PBXBuildFile; fileRef = 2597A58B179150F60029F7E4 /* Icon-Small@2x.png */; };
		2597A596179150F60029F7E4 /* Icon.png in Resources */ = {isa = PBXBuildFile; fileRef = 2597A58C179150F60029F7E4 /* Icon.png */; };
		2597A597179150F60029F7E4 /* Icon@2x.png in Resources */ = {isa = PBXBuildFile; fileRef = 2597A58D179150F60029F7E4 /* Icon@2x.png */; };
		2597A598179150F60029F7E4 /* iTunesArtwork.png in Resources */ = {isa = PBXBuildFile; fileRef = 2597A58E179150F60029F7E4 /* iTunesArtwork.png */; };
		2597A599179150F60029F7E4 /* iTunesArtwork@2x.png in Resources */ = {isa = PBXBuildFile; fileRef = 2597A58F179150F60029F7E4 /* iTunesArtwork@2x.png */; };
		2597A5A6179199BE0029F7E4 /* RIssue.m in Sources */ = {isa = PBXBuildFile; fileRef = 2597A5A1179199BE0029F7E4 /* RIssue.m */; };
		2597A5A7179199BE0029F7E4 /* RIssueManifest.m in Sources */ = {isa = PBXBuildFile; fileRef = 2597A5A3179199BE0029F7E4 /* RIssueManifest.m */; };
		2597A5A8179199BE0029F7E4 /* RIssuesDataSource.m in Sources */ = {isa = PBXBuildFile; fileRef = 2597A5A5179199BE0029F7E4 /* RIssuesDataSource.m */; };
		2597A5AB179199C80029F7E4 /* RIssuesViewController.m in Sources */ = {isa = PBXBuildFile; fileRef = 2597A5AA179199C80029F7E4 /* RIssuesViewController.m */; };
		25BBFDB71792595A00D3D94D /* RAsset.m in Sources */ = {isa = PBXBuildFile; fileRef = 25BBFDB61792595A00D3D94D /* RAsset.m */; };
		25FEA5BF17B658C30076EE1B /* RPDFToolbarButton.m in Sources */ = {isa = PBXBuildFile; fileRef = 25FEA5BE17B658C30076EE1B /* RPDFToolbarButton.m */; };
		25FEA5F017B6640D0076EE1B /* reader-back-icon-active@2x.png in Resources */ = {isa = PBXBuildFile; fileRef = 25FEA5EA17B6640D0076EE1B /* reader-back-icon-active@2x.png */; };
		25FEA5F117B6640D0076EE1B /* reader-back-icon@2x.png in Resources */ = {isa = PBXBuildFile; fileRef = 25FEA5EB17B6640D0076EE1B /* reader-back-icon@2x.png */; };
		25FEA5F217B6640D0076EE1B /* reader-bubble-icon-active@2x.png in Resources */ = {isa = PBXBuildFile; fileRef = 25FEA5EC17B6640D0076EE1B /* reader-bubble-icon-active@2x.png */; };
		25FEA5F317B6640D0076EE1B /* reader-bubble-icon@2x.png in Resources */ = {isa = PBXBuildFile; fileRef = 25FEA5ED17B6640D0076EE1B /* reader-bubble-icon@2x.png */; };
		25FEA5F417B6640D0076EE1B /* reader-meue-icon-active@2x.png in Resources */ = {isa = PBXBuildFile; fileRef = 25FEA5EE17B6640D0076EE1B /* reader-meue-icon-active@2x.png */; };
		25FEA5F517B6640D0076EE1B /* reader-meue-icon@2x.png in Resources */ = {isa = PBXBuildFile; fileRef = 25FEA5EF17B6640D0076EE1B /* reader-meue-icon@2x.png */; };
		2CD63D8CB2D4454588356A9F /* libPods.a in Frameworks */ = {isa = PBXBuildFile; fileRef = 4D69DFDC25214010A3E82AF6 /* libPods.a */; };
/* End PBXBuildFile section */

/* Begin PBXContainerItemProxy section */
		254EC6761790FCB800B7B2EB /* PBXContainerItemProxy */ = {
			isa = PBXContainerItemProxy;
			containerPortal = 254EC6481790FCB800B7B2EB /* Project object */;
			proxyType = 1;
			remoteGlobalIDString = 254EC64F1790FCB800B7B2EB;
			remoteInfo = RMag;
		};
/* End PBXContainerItemProxy section */

/* Begin PBXFileReference section */
		2523213E17B5103E00A2950B /* RPDFReaderToolbarViewController.h */ = {isa = PBXFileReference; fileEncoding = 4; lastKnownFileType = sourcecode.c.h; path = RPDFReaderToolbarViewController.h; sourceTree = "<group>"; };
		2523213F17B5103E00A2950B /* RPDFReaderToolbarViewController.m */ = {isa = PBXFileReference; fileEncoding = 4; lastKnownFileType = sourcecode.c.objc; path = RPDFReaderToolbarViewController.m; sourceTree = "<group>"; };
		252EF7ED17996CE000FB10B8 /* RTestCase.h */ = {isa = PBXFileReference; fileEncoding = 4; lastKnownFileType = sourcecode.c.h; path = RTestCase.h; sourceTree = "<group>"; };
		252EF7EE17996CE000FB10B8 /* RTestCase.m */ = {isa = PBXFileReference; fileEncoding = 4; lastKnownFileType = sourcecode.c.objc; path = RTestCase.m; sourceTree = "<group>"; };
		252EF7F117996CFE00FB10B8 /* RDatasourceTest.m */ = {isa = PBXFileReference; fileEncoding = 4; lastKnownFileType = sourcecode.c.objc; path = RDatasourceTest.m; sourceTree = "<group>"; };
		254EC6501790FCB800B7B2EB /* RMag.app */ = {isa = PBXFileReference; explicitFileType = wrapper.application; includeInIndex = 0; path = RMag.app; sourceTree = BUILT_PRODUCTS_DIR; };
		254EC6531790FCB800B7B2EB /* Foundation.framework */ = {isa = PBXFileReference; lastKnownFileType = wrapper.framework; name = Foundation.framework; path = System/Library/Frameworks/Foundation.framework; sourceTree = SDKROOT; };
		254EC6551790FCB800B7B2EB /* CoreGraphics.framework */ = {isa = PBXFileReference; lastKnownFileType = wrapper.framework; name = CoreGraphics.framework; path = System/Library/Frameworks/CoreGraphics.framework; sourceTree = SDKROOT; };
		254EC6571790FCB800B7B2EB /* UIKit.framework */ = {isa = PBXFileReference; lastKnownFileType = wrapper.framework; name = UIKit.framework; path = System/Library/Frameworks/UIKit.framework; sourceTree = SDKROOT; };
		254EC65B1790FCB800B7B2EB /* RMag-Info.plist */ = {isa = PBXFileReference; lastKnownFileType = text.plist.xml; path = "RMag-Info.plist"; sourceTree = "<group>"; };
		254EC65D1790FCB800B7B2EB /* en */ = {isa = PBXFileReference; lastKnownFileType = text.plist.strings; name = en; path = en.lproj/InfoPlist.strings; sourceTree = "<group>"; };
		254EC65F1790FCB800B7B2EB /* main.m */ = {isa = PBXFileReference; lastKnownFileType = sourcecode.c.objc; path = main.m; sourceTree = "<group>"; };
		254EC6611790FCB800B7B2EB /* RMag-Prefix.pch */ = {isa = PBXFileReference; lastKnownFileType = sourcecode.c.h; path = "RMag-Prefix.pch"; sourceTree = "<group>"; };
		254EC6621790FCB800B7B2EB /* RAppDelegate.h */ = {isa = PBXFileReference; lastKnownFileType = sourcecode.c.h; path = RAppDelegate.h; sourceTree = "<group>"; };
		254EC6631790FCB800B7B2EB /* RAppDelegate.m */ = {isa = PBXFileReference; lastKnownFileType = sourcecode.c.objc; path = RAppDelegate.m; sourceTree = "<group>"; };
		254EC6661790FCB800B7B2EB /* Base */ = {isa = PBXFileReference; lastKnownFileType = file.storyboard; name = Base; path = Base.lproj/Main.storyboard; sourceTree = "<group>"; };
		254EC6681790FCB800B7B2EB /* RViewController.h */ = {isa = PBXFileReference; lastKnownFileType = sourcecode.c.h; path = RViewController.h; sourceTree = "<group>"; };
		254EC6691790FCB800B7B2EB /* RViewController.m */ = {isa = PBXFileReference; lastKnownFileType = sourcecode.c.objc; path = RViewController.m; sourceTree = "<group>"; };
		254EC66B1790FCB800B7B2EB /* Images.xcassets */ = {isa = PBXFileReference; lastKnownFileType = folder.assetcatalog; path = Images.xcassets; sourceTree = "<group>"; };
		254EC6711790FCB800B7B2EB /* RMagTests.xctest */ = {isa = PBXFileReference; explicitFileType = wrapper.cfbundle; includeInIndex = 0; path = RMagTests.xctest; sourceTree = BUILT_PRODUCTS_DIR; };
		254EC6721790FCB800B7B2EB /* XCTest.framework */ = {isa = PBXFileReference; lastKnownFileType = wrapper.framework; name = XCTest.framework; path = Library/Frameworks/XCTest.framework; sourceTree = DEVELOPER_DIR; };
		254EC67A1790FCB800B7B2EB /* RMagTests-Info.plist */ = {isa = PBXFileReference; lastKnownFileType = text.plist.xml; path = "RMagTests-Info.plist"; sourceTree = "<group>"; };
		254EC67C1790FCB800B7B2EB /* en */ = {isa = PBXFileReference; lastKnownFileType = text.plist.strings; name = en; path = en.lproj/InfoPlist.strings; sourceTree = "<group>"; };
		2564F24217B4AA5300EC8E4B /* RPDFReaderViewController.h */ = {isa = PBXFileReference; fileEncoding = 4; lastKnownFileType = sourcecode.c.h; path = RPDFReaderViewController.h; sourceTree = "<group>"; };
		2564F24317B4AA5300EC8E4B /* RPDFReaderViewController.m */ = {isa = PBXFileReference; fileEncoding = 4; lastKnownFileType = sourcecode.c.objc; path = RPDFReaderViewController.m; sourceTree = "<group>"; };
		2564F24517B4B0AD00EC8E4B /* RPDFPageView.h */ = {isa = PBXFileReference; fileEncoding = 4; lastKnownFileType = sourcecode.c.h; path = RPDFPageView.h; sourceTree = "<group>"; };
		2564F24617B4B0AD00EC8E4B /* RPDFPageView.m */ = {isa = PBXFileReference; fileEncoding = 4; lastKnownFileType = sourcecode.c.objc; path = RPDFPageView.m; sourceTree = "<group>"; };
		2564F24817B4B77600EC8E4B /* RPDFPageViewController.h */ = {isa = PBXFileReference; fileEncoding = 4; lastKnownFileType = sourcecode.c.h; path = RPDFPageViewController.h; sourceTree = "<group>"; };
		2564F24917B4B77600EC8E4B /* RPDFPageViewController.m */ = {isa = PBXFileReference; fileEncoding = 4; lastKnownFileType = sourcecode.c.objc; path = RPDFPageViewController.m; sourceTree = "<group>"; };
		2597A586179150F60029F7E4 /* Icon-72.png */ = {isa = PBXFileReference; lastKnownFileType = image.png; path = "Icon-72.png"; sourceTree = "<group>"; };
		2597A587179150F60029F7E4 /* Icon-72@2x.png */ = {isa = PBXFileReference; lastKnownFileType = image.png; path = "Icon-72@2x.png"; sourceTree = "<group>"; };
		2597A588179150F60029F7E4 /* Icon-Small-50.png */ = {isa = PBXFileReference; lastKnownFileType = image.png; path = "Icon-Small-50.png"; sourceTree = "<group>"; };
		2597A589179150F60029F7E4 /* Icon-Small-50@2x.png */ = {isa = PBXFileReference; lastKnownFileType = image.png; path = "Icon-Small-50@2x.png"; sourceTree = "<group>"; };
		2597A58A179150F60029F7E4 /* Icon-Small.png */ = {isa = PBXFileReference; lastKnownFileType = image.png; path = "Icon-Small.png"; sourceTree = "<group>"; };
		2597A58B179150F60029F7E4 /* Icon-Small@2x.png */ = {isa = PBXFileReference; lastKnownFileType = image.png; path = "Icon-Small@2x.png"; sourceTree = "<group>"; };
		2597A58C179150F60029F7E4 /* Icon.png */ = {isa = PBXFileReference; lastKnownFileType = image.png; path = Icon.png; sourceTree = "<group>"; };
		2597A58D179150F60029F7E4 /* Icon@2x.png */ = {isa = PBXFileReference; lastKnownFileType = image.png; path = "Icon@2x.png"; sourceTree = "<group>"; };
		2597A58E179150F60029F7E4 /* iTunesArtwork.png */ = {isa = PBXFileReference; lastKnownFileType = image.png; path = iTunesArtwork.png; sourceTree = "<group>"; };
		2597A58F179150F60029F7E4 /* iTunesArtwork@2x.png */ = {isa = PBXFileReference; lastKnownFileType = image.png; path = "iTunesArtwork@2x.png"; sourceTree = "<group>"; };
		2597A5A0179199BE0029F7E4 /* RIssue.h */ = {isa = PBXFileReference; fileEncoding = 4; lastKnownFileType = sourcecode.c.h; path = RIssue.h; sourceTree = "<group>"; };
		2597A5A1179199BE0029F7E4 /* RIssue.m */ = {isa = PBXFileReference; fileEncoding = 4; lastKnownFileType = sourcecode.c.objc; path = RIssue.m; sourceTree = "<group>"; };
		2597A5A2179199BE0029F7E4 /* RIssueManifest.h */ = {isa = PBXFileReference; fileEncoding = 4; lastKnownFileType = sourcecode.c.h; path = RIssueManifest.h; sourceTree = "<group>"; };
		2597A5A3179199BE0029F7E4 /* RIssueManifest.m */ = {isa = PBXFileReference; fileEncoding = 4; lastKnownFileType = sourcecode.c.objc; path = RIssueManifest.m; sourceTree = "<group>"; };
		2597A5A4179199BE0029F7E4 /* RIssuesDataSource.h */ = {isa = PBXFileReference; fileEncoding = 4; lastKnownFileType = sourcecode.c.h; path = RIssuesDataSource.h; sourceTree = "<group>"; };
		2597A5A5179199BE0029F7E4 /* RIssuesDataSource.m */ = {isa = PBXFileReference; fileEncoding = 4; lastKnownFileType = sourcecode.c.objc; path = RIssuesDataSource.m; sourceTree = "<group>"; };
		2597A5A9179199C80029F7E4 /* RIssuesViewController.h */ = {isa = PBXFileReference; fileEncoding = 4; lastKnownFileType = sourcecode.c.h; path = RIssuesViewController.h; sourceTree = "<group>"; };
		2597A5AA179199C80029F7E4 /* RIssuesViewController.m */ = {isa = PBXFileReference; fileEncoding = 4; lastKnownFileType = sourcecode.c.objc; path = RIssuesViewController.m; sourceTree = "<group>"; };
		25BBFDB51792595A00D3D94D /* RAsset.h */ = {isa = PBXFileReference; fileEncoding = 4; lastKnownFileType = sourcecode.c.h; path = RAsset.h; sourceTree = "<group>"; };
		25BBFDB61792595A00D3D94D /* RAsset.m */ = {isa = PBXFileReference; fileEncoding = 4; lastKnownFileType = sourcecode.c.objc; path = RAsset.m; sourceTree = "<group>"; };
		25FEA5BD17B658C30076EE1B /* RPDFToolbarButton.h */ = {isa = PBXFileReference; fileEncoding = 4; lastKnownFileType = sourcecode.c.h; path = RPDFToolbarButton.h; sourceTree = "<group>"; };
		25FEA5BE17B658C30076EE1B /* RPDFToolbarButton.m */ = {isa = PBXFileReference; fileEncoding = 4; lastKnownFileType = sourcecode.c.objc; path = RPDFToolbarButton.m; sourceTree = "<group>"; };
		25FEA5D617B65D340076EE1B /* CoreFoundation.framework */ = {isa = PBXFileReference; lastKnownFileType = wrapper.framework; name = CoreFoundation.framework; path = System/Library/Frameworks/CoreFoundation.framework; sourceTree = SDKROOT; };
		25FEA5EA17B6640D0076EE1B /* reader-back-icon-active@2x.png */ = {isa = PBXFileReference; lastKnownFileType = image.png; path = "reader-back-icon-active@2x.png"; sourceTree = "<group>"; };
		25FEA5EB17B6640D0076EE1B /* reader-back-icon@2x.png */ = {isa = PBXFileReference; lastKnownFileType = image.png; path = "reader-back-icon@2x.png"; sourceTree = "<group>"; };
		25FEA5EC17B6640D0076EE1B /* reader-bubble-icon-active@2x.png */ = {isa = PBXFileReference; lastKnownFileType = image.png; path = "reader-bubble-icon-active@2x.png"; sourceTree = "<group>"; };
		25FEA5ED17B6640D0076EE1B /* reader-bubble-icon@2x.png */ = {isa = PBXFileReference; lastKnownFileType = image.png; path = "reader-bubble-icon@2x.png"; sourceTree = "<group>"; };
		25FEA5EE17B6640D0076EE1B /* reader-meue-icon-active@2x.png */ = {isa = PBXFileReference; lastKnownFileType = image.png; path = "reader-meue-icon-active@2x.png"; sourceTree = "<group>"; };
		25FEA5EF17B6640D0076EE1B /* reader-meue-icon@2x.png */ = {isa = PBXFileReference; lastKnownFileType = image.png; path = "reader-meue-icon@2x.png"; sourceTree = "<group>"; };
		4D69DFDC25214010A3E82AF6 /* libPods.a */ = {isa = PBXFileReference; explicitFileType = archive.ar; includeInIndex = 0; path = libPods.a; sourceTree = BUILT_PRODUCTS_DIR; };
		C755F7DD260E40B494CBBE2F /* Pods/Pods.xcconfig */ = {isa = PBXFileReference; includeInIndex = 1; lastKnownFileType = text.xcconfig; path = Pods/Pods.xcconfig; sourceTree = SOURCE_ROOT; };
/* End PBXFileReference section */

/* Begin PBXFrameworksBuildPhase section */
		254EC64D1790FCB800B7B2EB /* Frameworks */ = {
			isa = PBXFrameworksBuildPhase;
			buildActionMask = 2147483647;
			files = (
				254EC6561790FCB800B7B2EB /* CoreGraphics.framework in Frameworks */,
				254EC6581790FCB800B7B2EB /* UIKit.framework in Frameworks */,
				254EC6541790FCB800B7B2EB /* Foundation.framework in Frameworks */,
				2CD63D8CB2D4454588356A9F /* libPods.a in Frameworks */,
			);
			runOnlyForDeploymentPostprocessing = 0;
		};
		254EC66E1790FCB800B7B2EB /* Frameworks */ = {
			isa = PBXFrameworksBuildPhase;
			buildActionMask = 2147483647;
			files = (
				254EC6731790FCB800B7B2EB /* XCTest.framework in Frameworks */,
				254EC6751790FCB800B7B2EB /* UIKit.framework in Frameworks */,
				254EC6741790FCB800B7B2EB /* Foundation.framework in Frameworks */,
			);
			runOnlyForDeploymentPostprocessing = 0;
		};
/* End PBXFrameworksBuildPhase section */

/* Begin PBXGroup section */
		254EC6471790FCB800B7B2EB = {
			isa = PBXGroup;
			children = (
				2597A59F179199BE0029F7E4 /* Classes */,
				254EC6591790FCB800B7B2EB /* RMag */,
				254EC6781790FCB800B7B2EB /* RMagTests */,
				254EC6521790FCB800B7B2EB /* Frameworks */,
				254EC6511790FCB800B7B2EB /* Products */,
				C755F7DD260E40B494CBBE2F /* Pods/Pods.xcconfig */,
			);
			sourceTree = "<group>";
		};
		254EC6511790FCB800B7B2EB /* Products */ = {
			isa = PBXGroup;
			children = (
				254EC6501790FCB800B7B2EB /* RMag.app */,
				254EC6711790FCB800B7B2EB /* RMagTests.xctest */,
			);
			name = Products;
			sourceTree = "<group>";
		};
		254EC6521790FCB800B7B2EB /* Frameworks */ = {
			isa = PBXGroup;
			children = (
				254EC6531790FCB800B7B2EB /* Foundation.framework */,
				254EC6551790FCB800B7B2EB /* CoreGraphics.framework */,
				254EC6571790FCB800B7B2EB /* UIKit.framework */,
				254EC6721790FCB800B7B2EB /* XCTest.framework */,
				4D69DFDC25214010A3E82AF6 /* libPods.a */,
				25FEA5D617B65D340076EE1B /* CoreFoundation.framework */,
			);
			name = Frameworks;
			sourceTree = "<group>";
		};
		254EC6591790FCB800B7B2EB /* RMag */ = {
			isa = PBXGroup;
			children = (
				2597A5A9179199C80029F7E4 /* RIssuesViewController.h */,
				2597A5AA179199C80029F7E4 /* RIssuesViewController.m */,
				254EC6621790FCB800B7B2EB /* RAppDelegate.h */,
				254EC6631790FCB800B7B2EB /* RAppDelegate.m */,
				254EC6651790FCB800B7B2EB /* Main.storyboard */,
				254EC6681790FCB800B7B2EB /* RViewController.h */,
				254EC6691790FCB800B7B2EB /* RViewController.m */,
				254EC66B1790FCB800B7B2EB /* Images.xcassets */,
				254EC65A1790FCB800B7B2EB /* Supporting Files */,
			);
			path = RMag;
			sourceTree = "<group>";
		};
		254EC65A1790FCB800B7B2EB /* Supporting Files */ = {
			isa = PBXGroup;
			children = (
				25FEA5E917B663E10076EE1B /* images */,
				2597A585179150F60029F7E4 /* icons */,
				254EC65B1790FCB800B7B2EB /* RMag-Info.plist */,
				254EC65C1790FCB800B7B2EB /* InfoPlist.strings */,
				254EC65F1790FCB800B7B2EB /* main.m */,
				254EC6611790FCB800B7B2EB /* RMag-Prefix.pch */,
			);
			name = "Supporting Files";
			sourceTree = "<group>";
		};
		254EC6781790FCB800B7B2EB /* RMagTests */ = {
			isa = PBXGroup;
			children = (
				252EF7ED17996CE000FB10B8 /* RTestCase.h */,
				252EF7EE17996CE000FB10B8 /* RTestCase.m */,
				254EC6791790FCB800B7B2EB /* Supporting Files */,
				252EF7F117996CFE00FB10B8 /* RDatasourceTest.m */,
			);
			path = RMagTests;
			sourceTree = "<group>";
		};
		254EC6791790FCB800B7B2EB /* Supporting Files */ = {
			isa = PBXGroup;
			children = (
				254EC67A1790FCB800B7B2EB /* RMagTests-Info.plist */,
				254EC67B1790FCB800B7B2EB /* InfoPlist.strings */,
			);
			name = "Supporting Files";
			sourceTree = "<group>";
		};
		2564F23F17B4A9C500EC8E4B /* ReaderKit */ = {
			isa = PBXGroup;
			children = (
				2564F24217B4AA5300EC8E4B /* RPDFReaderViewController.h */,
				2564F24317B4AA5300EC8E4B /* RPDFReaderViewController.m */,
				2564F24517B4B0AD00EC8E4B /* RPDFPageView.h */,
				2564F24617B4B0AD00EC8E4B /* RPDFPageView.m */,
				2564F24817B4B77600EC8E4B /* RPDFPageViewController.h */,
				2564F24917B4B77600EC8E4B /* RPDFPageViewController.m */,
				25FEA58F17B617760076EE1B /* Toolbar */,
			);
			name = ReaderKit;
			sourceTree = "<group>";
		};
		2564F24017B4A9CB00EC8E4B /* IssuesKit */ = {
			isa = PBXGroup;
			children = (
				2597A5A0179199BE0029F7E4 /* RIssue.h */,
				2597A5A1179199BE0029F7E4 /* RIssue.m */,
				2597A5A2179199BE0029F7E4 /* RIssueManifest.h */,
				2597A5A3179199BE0029F7E4 /* RIssueManifest.m */,
				2597A5A4179199BE0029F7E4 /* RIssuesDataSource.h */,
				2597A5A5179199BE0029F7E4 /* RIssuesDataSource.m */,
				25BBFDB51792595A00D3D94D /* RAsset.h */,
				25BBFDB61792595A00D3D94D /* RAsset.m */,
			);
			name = IssuesKit;
			sourceTree = "<group>";
		};
		2597A585179150F60029F7E4 /* icons */ = {
			isa = PBXGroup;
			children = (
				2597A586179150F60029F7E4 /* Icon-72.png */,
				2597A587179150F60029F7E4 /* Icon-72@2x.png */,
				2597A588179150F60029F7E4 /* Icon-Small-50.png */,
				2597A589179150F60029F7E4 /* Icon-Small-50@2x.png */,
				2597A58A179150F60029F7E4 /* Icon-Small.png */,
				2597A58B179150F60029F7E4 /* Icon-Small@2x.png */,
				2597A58C179150F60029F7E4 /* Icon.png */,
				2597A58D179150F60029F7E4 /* Icon@2x.png */,
				2597A58E179150F60029F7E4 /* iTunesArtwork.png */,
				2597A58F179150F60029F7E4 /* iTunesArtwork@2x.png */,
			);
			name = icons;
			path = "../../../icons/App Icon [Rounded]";
			sourceTree = "<group>";
		};
		2597A59F179199BE0029F7E4 /* Classes */ = {
			isa = PBXGroup;
			children = (
				2564F24017B4A9CB00EC8E4B /* IssuesKit */,
				2564F23F17B4A9C500EC8E4B /* ReaderKit */,
			);
			path = Classes;
			sourceTree = "<group>";
		};
		25FEA58F17B617760076EE1B /* Toolbar */ = {
			isa = PBXGroup;
			children = (
				2523213E17B5103E00A2950B /* RPDFReaderToolbarViewController.h */,
				2523213F17B5103E00A2950B /* RPDFReaderToolbarViewController.m */,
				25FEA5BD17B658C30076EE1B /* RPDFToolbarButton.h */,
				25FEA5BE17B658C30076EE1B /* RPDFToolbarButton.m */,
			);
			name = Toolbar;
			sourceTree = "<group>";
		};
		25FEA5E917B663E10076EE1B /* images */ = {
			isa = PBXGroup;
			children = (
				25FEA5EA17B6640D0076EE1B /* reader-back-icon-active@2x.png */,
				25FEA5EB17B6640D0076EE1B /* reader-back-icon@2x.png */,
				25FEA5EC17B6640D0076EE1B /* reader-bubble-icon-active@2x.png */,
				25FEA5ED17B6640D0076EE1B /* reader-bubble-icon@2x.png */,
				25FEA5EE17B6640D0076EE1B /* reader-meue-icon-active@2x.png */,
				25FEA5EF17B6640D0076EE1B /* reader-meue-icon@2x.png */,
			);
			name = images;
			sourceTree = "<group>";
		};
/* End PBXGroup section */

/* Begin PBXNativeTarget section */
		254EC64F1790FCB800B7B2EB /* RMag */ = {
			isa = PBXNativeTarget;
			buildConfigurationList = 254EC6821790FCB800B7B2EB /* Build configuration list for PBXNativeTarget "RMag" */;
			buildPhases = (
				D9B218BD95D647CB994D90C5 /* Check Pods Manifest.lock */,
				254EC64C1790FCB800B7B2EB /* Sources */,
				254EC64D1790FCB800B7B2EB /* Frameworks */,
				254EC64E1790FCB800B7B2EB /* Resources */,
				5EC17698431D4A50B6EBA980 /* Copy Pods Resources */,
			);
			buildRules = (
			);
			dependencies = (
			);
			name = RMag;
			productName = RMag;
			productReference = 254EC6501790FCB800B7B2EB /* RMag.app */;
			productType = "com.apple.product-type.application";
		};
		254EC6701790FCB800B7B2EB /* RMagTests */ = {
			isa = PBXNativeTarget;
			buildConfigurationList = 254EC6851790FCB800B7B2EB /* Build configuration list for PBXNativeTarget "RMagTests" */;
			buildPhases = (
				254EC66D1790FCB800B7B2EB /* Sources */,
				254EC66E1790FCB800B7B2EB /* Frameworks */,
				254EC66F1790FCB800B7B2EB /* Resources */,
			);
			buildRules = (
			);
			dependencies = (
				254EC6771790FCB800B7B2EB /* PBXTargetDependency */,
			);
			name = RMagTests;
			productName = RMagTests;
			productReference = 254EC6711790FCB800B7B2EB /* RMagTests.xctest */;
			productType = "com.apple.product-type.bundle.unit-test";
		};
/* End PBXNativeTarget section */

/* Begin PBXProject section */
		254EC6481790FCB800B7B2EB /* Project object */ = {
			isa = PBXProject;
			attributes = {
				CLASSPREFIX = R;
				LastUpgradeCheck = 0500;
				ORGANIZATIONNAME = "Robin Qu";
				TargetAttributes = {
					254EC64F1790FCB800B7B2EB = {
						DevelopmentTeam = Y3D576AB47;
					};
					254EC6701790FCB800B7B2EB = {
						TestTargetID = 254EC64F1790FCB800B7B2EB;
					};
				};
			};
			buildConfigurationList = 254EC64B1790FCB800B7B2EB /* Build configuration list for PBXProject "RMag" */;
			compatibilityVersion = "Xcode 3.2";
			developmentRegion = English;
			hasScannedForEncodings = 0;
			knownRegions = (
				en,
				Base,
			);
			mainGroup = 254EC6471790FCB800B7B2EB;
			productRefGroup = 254EC6511790FCB800B7B2EB /* Products */;
			projectDirPath = "";
			projectRoot = "";
			targets = (
				254EC64F1790FCB800B7B2EB /* RMag */,
				254EC6701790FCB800B7B2EB /* RMagTests */,
			);
		};
/* End PBXProject section */

/* Begin PBXResourcesBuildPhase section */
		254EC64E1790FCB800B7B2EB /* Resources */ = {
			isa = PBXResourcesBuildPhase;
			buildActionMask = 2147483647;
			files = (
				25FEA5F217B6640D0076EE1B /* reader-bubble-icon-active@2x.png in Resources */,
				2597A594179150F60029F7E4 /* Icon-Small.png in Resources */,
				25FEA5F117B6640D0076EE1B /* reader-back-icon@2x.png in Resources */,
				254EC66C1790FCB800B7B2EB /* Images.xcassets in Resources */,
				25FEA5F417B6640D0076EE1B /* reader-meue-icon-active@2x.png in Resources */,
				2597A596179150F60029F7E4 /* Icon.png in Resources */,
				2597A590179150F60029F7E4 /* Icon-72.png in Resources */,
				25FEA5F517B6640D0076EE1B /* reader-meue-icon@2x.png in Resources */,
				2597A595179150F60029F7E4 /* Icon-Small@2x.png in Resources */,
				25FEA5F317B6640D0076EE1B /* reader-bubble-icon@2x.png in Resources */,
				2597A597179150F60029F7E4 /* Icon@2x.png in Resources */,
				2597A598179150F60029F7E4 /* iTunesArtwork.png in Resources */,
				25FEA5F017B6640D0076EE1B /* reader-back-icon-active@2x.png in Resources */,
				2597A593179150F60029F7E4 /* Icon-Small-50@2x.png in Resources */,
				2597A591179150F60029F7E4 /* Icon-72@2x.png in Resources */,
				2597A592179150F60029F7E4 /* Icon-Small-50.png in Resources */,
				2597A599179150F60029F7E4 /* iTunesArtwork@2x.png in Resources */,
				254EC65E1790FCB800B7B2EB /* InfoPlist.strings in Resources */,
				254EC6671790FCB800B7B2EB /* Main.storyboard in Resources */,
			);
			runOnlyForDeploymentPostprocessing = 0;
		};
		254EC66F1790FCB800B7B2EB /* Resources */ = {
			isa = PBXResourcesBuildPhase;
			buildActionMask = 2147483647;
			files = (
				254EC67D1790FCB800B7B2EB /* InfoPlist.strings in Resources */,
			);
			runOnlyForDeploymentPostprocessing = 0;
		};
/* End PBXResourcesBuildPhase section */

/* Begin PBXShellScriptBuildPhase section */
		5EC17698431D4A50B6EBA980 /* Copy Pods Resources */ = {
			isa = PBXShellScriptBuildPhase;
			buildActionMask = 2147483647;
			files = (
			);
			inputPaths = (
			);
			name = "Copy Pods Resources";
			outputPaths = (
			);
			runOnlyForDeploymentPostprocessing = 0;
			shellPath = /bin/sh;
			shellScript = "\"${SRCROOT}/Pods/Pods-resources.sh\"\n";
			showEnvVarsInLog = 0;
		};
		D9B218BD95D647CB994D90C5 /* Check Pods Manifest.lock */ = {
			isa = PBXShellScriptBuildPhase;
			buildActionMask = 2147483647;
			files = (
			);
			inputPaths = (
			);
			name = "Check Pods Manifest.lock";
			outputPaths = (
			);
			runOnlyForDeploymentPostprocessing = 0;
			shellPath = /bin/sh;
			shellScript = "diff \"${PODS_ROOT}/../Podfile.lock\" \"${PODS_ROOT}/Manifest.lock\" > /dev/null\nif [[ $? != 0 ]] ; then\n    cat << EOM\nerror: The sandbox is not in sync with the Podfile.lock. Run 'pod install' or update your CocoaPods installation.\nEOM\n    exit 1\nfi\n";
			showEnvVarsInLog = 0;
		};
/* End PBXShellScriptBuildPhase section */

/* Begin PBXSourcesBuildPhase section */
		254EC64C1790FCB800B7B2EB /* Sources */ = {
			isa = PBXSourcesBuildPhase;
			buildActionMask = 2147483647;
			files = (
				2597A5AB179199C80029F7E4 /* RIssuesViewController.m in Sources */,
				2564F24417B4AA5300EC8E4B /* RPDFReaderViewController.m in Sources */,
				2564F24A17B4B77600EC8E4B /* RPDFPageViewController.m in Sources */,
				254EC66A1790FCB800B7B2EB /* RViewController.m in Sources */,
				254EC6601790FCB800B7B2EB /* main.m in Sources */,
				2597A5A6179199BE0029F7E4 /* RIssue.m in Sources */,
				254EC6641790FCB800B7B2EB /* RAppDelegate.m in Sources */,
				25BBFDB71792595A00D3D94D /* RAsset.m in Sources */,
				2523214017B5103E00A2950B /* RPDFReaderToolbarViewController.m in Sources */,
				25FEA5BF17B658C30076EE1B /* RPDFToolbarButton.m in Sources */,
				2597A5A7179199BE0029F7E4 /* RIssueManifest.m in Sources */,
				2597A5A8179199BE0029F7E4 /* RIssuesDataSource.m in Sources */,
				2564F24717B4B0AD00EC8E4B /* RPDFPageView.m in Sources */,
			);
			runOnlyForDeploymentPostprocessing = 0;
		};
		254EC66D1790FCB800B7B2EB /* Sources */ = {
			isa = PBXSourcesBuildPhase;
			buildActionMask = 2147483647;
			files = (
				252EF7EF17996CE000FB10B8 /* RTestCase.m in Sources */,
				252EF7F217996CFE00FB10B8 /* RDatasourceTest.m in Sources */,
			);
			runOnlyForDeploymentPostprocessing = 0;
		};
/* End PBXSourcesBuildPhase section */

/* Begin PBXTargetDependency section */
		254EC6771790FCB800B7B2EB /* PBXTargetDependency */ = {
			isa = PBXTargetDependency;
			target = 254EC64F1790FCB800B7B2EB /* RMag */;
			targetProxy = 254EC6761790FCB800B7B2EB /* PBXContainerItemProxy */;
		};
/* End PBXTargetDependency section */

/* Begin PBXVariantGroup section */
		254EC65C1790FCB800B7B2EB /* InfoPlist.strings */ = {
			isa = PBXVariantGroup;
			children = (
				254EC65D1790FCB800B7B2EB /* en */,
			);
			name = InfoPlist.strings;
			sourceTree = "<group>";
		};
		254EC6651790FCB800B7B2EB /* Main.storyboard */ = {
			isa = PBXVariantGroup;
			children = (
				254EC6661790FCB800B7B2EB /* Base */,
			);
			name = Main.storyboard;
			sourceTree = "<group>";
		};
		254EC67B1790FCB800B7B2EB /* InfoPlist.strings */ = {
			isa = PBXVariantGroup;
			children = (
				254EC67C1790FCB800B7B2EB /* en */,
			);
			name = InfoPlist.strings;
			sourceTree = "<group>";
		};
/* End PBXVariantGroup section */

/* Begin XCBuildConfiguration section */
		254EC6801790FCB800B7B2EB /* Debug */ = {
			isa = XCBuildConfiguration;
			buildSettings = {
				ALWAYS_SEARCH_USER_PATHS = NO;
				CLANG_CXX_LANGUAGE_STANDARD = "gnu++0x";
				CLANG_CXX_LIBRARY = "libc++";
				CLANG_ENABLE_MODULES = YES;
				CLANG_ENABLE_OBJC_ARC = YES;
				CLANG_WARN_BOOL_CONVERSION = YES;
				CLANG_WARN_CONSTANT_CONVERSION = YES;
				CLANG_WARN_DIRECT_OBJC_ISA_USAGE = YES_ERROR;
				CLANG_WARN_EMPTY_BODY = YES;
				CLANG_WARN_ENUM_CONVERSION = YES;
				CLANG_WARN_INT_CONVERSION = YES;
				CLANG_WARN_OBJC_ROOT_CLASS = YES_ERROR;
				CLANG_WARN__DUPLICATE_METHOD_MATCH = YES;
				"CODE_SIGN_IDENTITY[sdk=iphoneos*]" = "iPhone Developer";
				COPY_PHASE_STRIP = NO;
				GCC_C_LANGUAGE_STANDARD = gnu99;
				GCC_DYNAMIC_NO_PIC = NO;
				GCC_OPTIMIZATION_LEVEL = 0;
				GCC_PREPROCESSOR_DEFINITIONS = (
					"DEBUG=1",
					"$(inherited)",
				);
				GCC_SYMBOLS_PRIVATE_EXTERN = NO;
				GCC_WARN_ABOUT_RETURN_TYPE = YES_ERROR;
				GCC_WARN_UNDECLARED_SELECTOR = YES;
				GCC_WARN_UNINITIALIZED_AUTOS = YES;
				GCC_WARN_UNUSED_FUNCTION = YES;
				GCC_WARN_UNUSED_VARIABLE = YES;
				IPHONEOS_DEPLOYMENT_TARGET = 7.0;
				ONLY_ACTIVE_ARCH = YES;
				SDKROOT = iphoneos;
			};
			name = Debug;
		};
		254EC6811790FCB800B7B2EB /* Release */ = {
			isa = XCBuildConfiguration;
			buildSettings = {
				ALWAYS_SEARCH_USER_PATHS = NO;
				CLANG_CXX_LANGUAGE_STANDARD = "gnu++0x";
				CLANG_CXX_LIBRARY = "libc++";
				CLANG_ENABLE_MODULES = YES;
				CLANG_ENABLE_OBJC_ARC = YES;
				CLANG_WARN_BOOL_CONVERSION = YES;
				CLANG_WARN_CONSTANT_CONVERSION = YES;
				CLANG_WARN_DIRECT_OBJC_ISA_USAGE = YES_ERROR;
				CLANG_WARN_EMPTY_BODY = YES;
				CLANG_WARN_ENUM_CONVERSION = YES;
				CLANG_WARN_INT_CONVERSION = YES;
				CLANG_WARN_OBJC_ROOT_CLASS = YES_ERROR;
				CLANG_WARN__DUPLICATE_METHOD_MATCH = YES;
				"CODE_SIGN_IDENTITY[sdk=iphoneos*]" = "iPhone Developer";
				COPY_PHASE_STRIP = YES;
				ENABLE_NS_ASSERTIONS = NO;
				GCC_C_LANGUAGE_STANDARD = gnu99;
				GCC_WARN_ABOUT_RETURN_TYPE = YES_ERROR;
				GCC_WARN_UNDECLARED_SELECTOR = YES;
				GCC_WARN_UNINITIALIZED_AUTOS = YES;
				GCC_WARN_UNUSED_FUNCTION = YES;
				GCC_WARN_UNUSED_VARIABLE = YES;
				IPHONEOS_DEPLOYMENT_TARGET = 7.0;
				SDKROOT = iphoneos;
				VALIDATE_PRODUCT = YES;
			};
			name = Release;
		};
		254EC6831790FCB800B7B2EB /* Debug */ = {
			isa = XCBuildConfiguration;
			baseConfigurationReference = C755F7DD260E40B494CBBE2F /* Pods/Pods.xcconfig */;
			buildSettings = {
				CODE_SIGN_IDENTITY = "iPhone Developer";
				GCC_PRECOMPILE_PREFIX_HEADER = YES;
				GCC_PREFIX_HEADER = "RMag/RMag-Prefix.pch";
				INFOPLIST_FILE = "RMag/RMag-Info.plist";
				PRODUCT_NAME = "$(TARGET_NAME)";
				WRAPPER_EXTENSION = app;
			};
			name = Debug;
		};
		254EC6841790FCB800B7B2EB /* Release */ = {
			isa = XCBuildConfiguration;
			baseConfigurationReference = C755F7DD260E40B494CBBE2F /* Pods/Pods.xcconfig */;
			buildSettings = {
				CODE_SIGN_IDENTITY = "iPhone Developer";
				GCC_PRECOMPILE_PREFIX_HEADER = YES;
				GCC_PREFIX_HEADER = "RMag/RMag-Prefix.pch";
				INFOPLIST_FILE = "RMag/RMag-Info.plist";
				PRODUCT_NAME = "$(TARGET_NAME)";
				WRAPPER_EXTENSION = app;
			};
			name = Release;
		};
		254EC6861790FCB800B7B2EB /* Debug */ = {
			isa = XCBuildConfiguration;
			buildSettings = {
				BUNDLE_LOADER = "$(BUILT_PRODUCTS_DIR)/RMag.app/RMag";
				FRAMEWORK_SEARCH_PATHS = (
					"$(SDKROOT)/Developer/Library/Frameworks",
					"$(inherited)",
					"$(SYSTEM_APPS_DIR)/Xcode5-DP3.app/Contents/Developer/Library/Frameworks",
				);
				GCC_PRECOMPILE_PREFIX_HEADER = YES;
				GCC_PREFIX_HEADER = "RMag/RMag-Prefix.pch";
				GCC_PREPROCESSOR_DEFINITIONS = (
					"DEBUG=1",
					"$(inherited)",
				);
				INFOPLIST_FILE = "RMagTests/RMagTests-Info.plist";
				PRODUCT_NAME = "$(TARGET_NAME)";
				TEST_HOST = "$(BUNDLE_LOADER)";
				WRAPPER_EXTENSION = xctest;
			};
			name = Debug;
		};
		254EC6871790FCB800B7B2EB /* Release */ = {
			isa = XCBuildConfiguration;
			buildSettings = {
				BUNDLE_LOADER = "$(BUILT_PRODUCTS_DIR)/RMag.app/RMag";
				FRAMEWORK_SEARCH_PATHS = (
					"$(SDKROOT)/Developer/Library/Frameworks",
					"$(inherited)",
					"$(SYSTEM_APPS_DIR)/Xcode5-DP3.app/Contents/Developer/Library/Frameworks",
				);
				GCC_PRECOMPILE_PREFIX_HEADER = YES;
				GCC_PREFIX_HEADER = "RMag/RMag-Prefix.pch";
				INFOPLIST_FILE = "RMagTests/RMagTests-Info.plist";
				PRODUCT_NAME = "$(TARGET_NAME)";
				TEST_HOST = "$(BUNDLE_LOADER)";
				WRAPPER_EXTENSION = xctest;
			};
			name = Release;
		};
/* End XCBuildConfiguration section */

/* Begin XCConfigurationList section */
		254EC64B1790FCB800B7B2EB /* Build configuration list for PBXProject "RMag" */ = {
			isa = XCConfigurationList;
			buildConfigurations = (
				254EC6801790FCB800B7B2EB /* Debug */,
				254EC6811790FCB800B7B2EB /* Release */,
			);
			defaultConfigurationIsVisible = 0;
			defaultConfigurationName = Release;
		};
		254EC6821790FCB800B7B2EB /* Build configuration list for PBXNativeTarget "RMag" */ = {
			isa = XCConfigurationList;
			buildConfigurations = (
				254EC6831790FCB800B7B2EB /* Debug */,
				254EC6841790FCB800B7B2EB /* Release */,
			);
			defaultConfigurationIsVisible = 0;
			defaultConfigurationName = Release;
		};
		254EC6851790FCB800B7B2EB /* Build configuration list for PBXNativeTarget "RMagTests" */ = {
			isa = XCConfigurationList;
			buildConfigurations = (
				254EC6861790FCB800B7B2EB /* Debug */,
				254EC6871790FCB800B7B2EB /* Release */,
			);
			defaultConfigurationIsVisible = 0;
			defaultConfigurationName = Release;
		};
/* End XCConfigurationList section */
	};
	rootObject = 254EC6481790FCB800B7B2EB /* Project object */;
}
